
Microsoft Visual Studio Solution File, Format Version 12.00
# Visual Studio Version 16
VisualStudioVersion = 16.0.30204.135
MinimumVisualStudioVersion = 10.0.40219.1
Project("{FAE04EC0-301F-11D3-BF4B-00C04F79EFBC}") = "TDD_Jumper1", "TDD_Jumper1.csproj", "{FEAA7B69-3FE0-4D10-8939-A9CFF2649BEF}"
EndProject
Global
	GlobalSection(SolutionConfigurationPlatforms) = preSolution
		Debug|ARM = Debug|ARM
		Debug|ARM64 = Debug|ARM64
		Debug|x64 = Debug|x64
		Debug|x86 = Debug|x86
		Release|ARM = Release|ARM
		Release|ARM64 = Release|ARM64
		Release|x64 = Release|x64
		Release|x86 = Release|x86
	EndGlobalSection
	GlobalSection(ProjectConfigurationPlatforms) = postSolution
		{FEAA7B69-3FE0-4D10-8939-A9CFF2649BEF}.Debug|ARM.ActiveCfg = Debug|ARM
		{FEAA7B69-3FE0-4D10-8939-A9CFF2649BEF}.Debug|ARM.Build.0 = Debug|ARM
		{FEAA7B69-3FE0-4D10-8939-A9CFF2649BEF}.Debug|ARM.Deploy.0 = Debug|ARM
		{FEAA7B69-3FE0-4D10-8939-A9CFF2649BEF}.Debug|ARM64.ActiveCfg = Debug|ARM64
		{FEAA7B69-3FE0-4D10-8939-A9CFF2649BEF}.Debug|ARM64.Build.0 = Debug|ARM64
		{FEAA7B69-3FE0-4D10-8939-A9CFF2649BEF}.Debug|ARM64.Deploy.0 = Debug|ARM64
		{FEAA7B69-3FE0-4D10-8939-A9CFF2649BEF}.Debug|x64.ActiveCfg = Debug|x64
		{FEAA7B69-3FE0-4D10-8939-A9CFF2649BEF}.Debug|x64.Build.0 = Debug|x64
		{FEAA7B69-3FE0-4D10-8939-A9CFF2649BEF}.Debug|x64.Deploy.0 = Debug|x64
		{FEAA7B69-3FE0-4D10-8939-A9CFF2649BEF}.Debug|x86.ActiveCfg = Debug|x86
		{FEAA7B69-3FE0-4D10-8939-A9CFF2649BEF}.Debug|x86.Build.0 = Debug|x86
		{FEAA7B69-3FE0-4D10-8939-A9CFF2649BEF}.Debug|x86.Deploy.0 = Debug|x86
		{FEAA7B69-3FE0-4D10-8939-A9CFF2649BEF}.Release|ARM.ActiveCfg = Release|ARM
		{FEAA7B69-3FE0-4D10-8939-A9CFF2649BEF}.Release|ARM.Build.0 = Release|ARM
		{FEAA7B69-3FE0-4D10-8939-A9CFF2649BEF}.Release|ARM.Deploy.0 = Release|ARM
		{FEAA7B69-3FE0-4D10-8939-A9CFF2649BEF}.Release|ARM64.ActiveCfg = Release|ARM64
		{FEAA7B69-3FE0-4D10-8939-A9CFF2649BEF}.Release|ARM64.Build.0 = Release|ARM64
		{FEAA7B69-3FE0-4D10-8939-A9CFF2649BEF}.Release|ARM64.Deploy.0 = Release|ARM64
		{FEAA7B69-3FE0-4D10-8939-A9CFF2649BEF}.Release|x64.ActiveCfg = Release|x64
		{FEAA7B69-3FE0-4D10-8939-A9CFF2649BEF}.Release|x64.Build.0 = Release|x64
		{FEAA7B69-3FE0-4D10-8939-A9CFF2649BEF}.Release|x64.Deploy.0 = Release|x64
		{FEAA7B69-3FE0-4D10-8939-A9CFF2649BEF}.Release|x86.ActiveCfg = Release|x86
		{FEAA7B69-3FE0-4D10-8939-A9CFF2649BEF}.Release|x86.Build.0 = Release|x86
		{FEAA7B69-3FE0-4D10-8939-A9CFF2649BEF}.Release|x86.Deploy.0 = Release|x86
	EndGlobalSection
	GlobalSection(SolutionProperties) = preSolution
		HideSolutionNode = FALSE
	EndGlobalSection
	GlobalSection(ExtensibilityGlobals) = postSolution
		SolutionGuid = {5EC1A125-CF90-45BB-BEFF-87FA5BD75C48}
	EndGlobalSection
EndGlobal
